
Microsoft Visual Studio Solution File, Format Version 12.00
# Visual Studio 15
VisualStudioVersion = 15.0.28307.645
MinimumVisualStudioVersion = 10.0.40219.1
Project("{FAE04EC0-301F-11D3-BF4B-00C04F79EFBC}") = "FractalUI", "FractalUI\FractalUI.csproj", "{03C68703-FEC9-415B-92F0-9F5DBD27D5C3}"
EndProject
Project("{8BC9CEB8-8B4A-11D0-8D11-00A0C91BC942}") = "FractalGenerator", "FractalGenerator\FractalGenerator.vcxproj", "{B4479376-8CA4-4193-A810-D70C925EF96D}"
EndProject
Global
	GlobalSection(SolutionConfigurationPlatforms) = preSolution
		Debug|Any CPU = Debug|Any CPU
		Debug|x64 = Debug|x64
		Debug|x86 = Debug|x86
		Release|Any CPU = Release|Any CPU
		Release|x64 = Release|x64
		Release|x86 = Release|x86
	EndGlobalSection
	GlobalSection(ProjectConfigurationPlatforms) = postSolution
		{03C68703-FEC9-415B-92F0-9F5DBD27D5C3}.Debug|Any CPU.ActiveCfg = Debug|Any CPU
		{03C68703-FEC9-415B-92F0-9F5DBD27D5C3}.Debug|Any CPU.Build.0 = Debug|Any CPU
		{03C68703-FEC9-415B-92F0-9F5DBD27D5C3}.Debug|x64.ActiveCfg = Debug|Any CPU
		{03C68703-FEC9-415B-92F0-9F5DBD27D5C3}.Debug|x64.Build.0 = Debug|Any CPU
		{03C68703-FEC9-415B-92F0-9F5DBD27D5C3}.Debug|x86.ActiveCfg = Debug|Any CPU
		{03C68703-FEC9-415B-92F0-9F5DBD27D5C3}.Debug|x86.Build.0 = Debug|Any CPU
		{03C68703-FEC9-415B-92F0-9F5DBD27D5C3}.Release|Any CPU.ActiveCfg = Release|Any CPU
		{03C68703-FEC9-415B-92F0-9F5DBD27D5C3}.Release|Any CPU.Build.0 = Release|Any CPU
		{03C68703-FEC9-415B-92F0-9F5DBD27D5C3}.Release|x64.ActiveCfg = Release|Any CPU
		{03C68703-FEC9-415B-92F0-9F5DBD27D5C3}.Release|x64.Build.0 = Release|Any CPU
		{03C68703-FEC9-415B-92F0-9F5DBD27D5C3}.Release|x86.ActiveCfg = Release|Any CPU
		{03C68703-FEC9-415B-92F0-9F5DBD27D5C3}.Release|x86.Build.0 = Release|Any CPU
		{B4479376-8CA4-4193-A810-D70C925EF96D}.Debug|Any CPU.ActiveCfg = Debug|Win32
		{B4479376-8CA4-4193-A810-D70C925EF96D}.Debug|x64.ActiveCfg = Debug|x64
		{B4479376-8CA4-4193-A810-D70C925EF96D}.Debug|x64.Build.0 = Debug|x64
		{B4479376-8CA4-4193-A810-D70C925EF96D}.Debug|x86.ActiveCfg = Debug|Win32
		{B4479376-8CA4-4193-A810-D70C925EF96D}.Debug|x86.Build.0 = Debug|Win32
		{B4479376-8CA4-4193-A810-D70C925EF96D}.Release|Any CPU.ActiveCfg = Release|x64
		{B4479376-8CA4-4193-A810-D70C925EF96D}.Release|Any CPU.Build.0 = Release|x64
		{B4479376-8CA4-4193-A810-D70C925EF96D}.Release|x64.ActiveCfg = Release|x64
		{B4479376-8CA4-4193-A810-D70C925EF96D}.Release|x64.Build.0 = Release|x64
		{B4479376-8CA4-4193-A810-D70C925EF96D}.Release|x86.ActiveCfg = Release|Win32
		{B4479376-8CA4-4193-A810-D70C925EF96D}.Release|x86.Build.0 = Release|Win32
	EndGlobalSection
	GlobalSection(SolutionProperties) = preSolution
		HideSolutionNode = FALSE
	EndGlobalSection
	GlobalSection(ExtensibilityGlobals) = postSolution
		SolutionGuid = {04BF29A2-6CA0-45E4-AA37-F2DC9AEAB1E6}
	EndGlobalSection
EndGlobal
