<?xml version="1.0" encoding="utf-8"?>
<Project ToolsVersion="4.0" xmlns="http://schemas.microsoft.com/developer/msbuild/2003">
  <ItemGroup>
    <Filter Include="controller">
      <UniqueIdentifier>{37320ea0-616b-45a5-a2d2-7588599d03da}</UniqueIdentifier>
    </Filter>
    <Filter Include="command">
      <UniqueIdentifier>{1e394077-a36d-4a4f-a5a3-e14970d52ec3}</UniqueIdentifier>
    </Filter>
    <Filter Include="command\stop">
      <UniqueIdentifier>{dea38e81-36a7-4cd9-8ef7-35cf68db4049}</UniqueIdentifier>
    </Filter>
    <Filter Include="command\change">
      <UniqueIdentifier>{e29f4942-9cf2-4ea2-b619-c16f9212666a}</UniqueIdentifier>
    </Filter>
    <Filter Include="command\set">
      <UniqueIdentifier>{38ab140e-6584-4fbb-a0ce-9a1397653d3b}</UniqueIdentifier>
    </Filter>
    <Filter Include="command\start">
      <UniqueIdentifier>{390b7ddc-1fec-40a3-bbb6-b6e05584ab2f}</UniqueIdentifier>
    </Filter>
    <Filter Include="fractal">
      <UniqueIdentifier>{be8d3f8c-8b74-422f-a0cd-b737878477d3}</UniqueIdentifier>
    </Filter>
    <Filter Include="render">
      <UniqueIdentifier>{df458d4b-ef2a-4a83-9127-ae8c2519a5fb}</UniqueIdentifier>
    </Filter>
  </ItemGroup>
  <ItemGroup>
    <ClCompile Include="src\controller\automaticController.cpp">
      <Filter>controller</Filter>
    </ClCompile>
    <ClCompile Include="src\controller\controller.cpp">
      <Filter>controller</Filter>
    </ClCompile>
    <ClCompile Include="src\controller\keyboardController.cpp">
      <Filter>controller</Filter>
    </ClCompile>
    <ClCompile Include="src\command\logCommand.cpp">
      <Filter>command</Filter>
    </ClCompile>
    <ClCompile Include="src\command\stop\stopProgramCommand.cpp">
      <Filter>command\stop</Filter>
    </ClCompile>
    <ClCompile Include="src\command\change\changeColorsCommand.cpp">
      <Filter>command\change</Filter>
    </ClCompile>
    <ClCompile Include="src\command\change\changePositionCommand.cpp">
      <Filter>command\change</Filter>
    </ClCompile>
    <ClCompile Include="src\command\change\changeResolutionCommand.cpp">
      <Filter>command\change</Filter>
    </ClCompile>
    <ClCompile Include="src\command\change\changeRotationCommand.cpp">
      <Filter>command\change</Filter>
    </ClCompile>
    <ClCompile Include="src\command\change\changeZoomCommand.cpp">
      <Filter>command\change</Filter>
    </ClCompile>
    <ClCompile Include="src\command\change\directionMoveCommand.cpp">
      <Filter>command\change</Filter>
    </ClCompile>
    <ClCompile Include="src\command\set\setBlendModeCommand.cpp">
      <Filter>command\set</Filter>
    </ClCompile>
    <ClCompile Include="src\command\set\setEnableRenderCommand.cpp">
      <Filter>command\set</Filter>
    </ClCompile>
    <ClCompile Include="src\command\set\setFadeFactorCommand.cpp">
      <Filter>command\set</Filter>
    </ClCompile>
    <ClCompile Include="src\command\set\setPositionCommand.cpp">
      <Filter>command\set</Filter>
    </ClCompile>
    <ClCompile Include="src\command\set\setResolutionCommand.cpp">
      <Filter>command\set</Filter>
    </ClCompile>
    <ClCompile Include="src\command\set\setRotationCommand.cpp">
      <Filter>command\set</Filter>
    </ClCompile>
    <ClCompile Include="src\command\set\setSaveImageCommand.cpp">
      <Filter>command\set</Filter>
    </ClCompile>
    <ClCompile Include="src\command\set\setTraceModeCommand.cpp">
      <Filter>command\set</Filter>
    </ClCompile>
    <ClCompile Include="src\command\set\setZoomCommand.cpp">
      <Filter>command\set</Filter>
    </ClCompile>
    <ClCompile Include="src\command\stop\stopChangeColorsCommand.cpp">
      <Filter>command\stop</Filter>
    </ClCompile>
    <ClCompile Include="src\command\stop\stopChangeResolutionCommand.cpp">
      <Filter>command\stop</Filter>
    </ClCompile>
    <ClCompile Include="src\command\stop\stopRotateCommand.cpp">
      <Filter>command\stop</Filter>
    </ClCompile>
    <ClCompile Include="src\command\stop\stopZoomCommand.cpp">
      <Filter>command\stop</Filter>
    </ClCompile>
    <ClCompile Include="src\command\start\startChangeColorsCommand.cpp">
      <Filter>command\start</Filter>
    </ClCompile>
    <ClCompile Include="src\command\start\startChangeResolutionCommand.cpp">
      <Filter>command\start</Filter>
    </ClCompile>
    <ClCompile Include="src\command\start\startRotateCommand.cpp">
      <Filter>command\start</Filter>
    </ClCompile>
    <ClCompile Include="src\command\start\startZoomCommand.cpp">
      <Filter>command\start</Filter>
    </ClCompile>
    <ClCompile Include="src\fractal\externalImage.cpp">
      <Filter>fractal</Filter>
    </ClCompile>
    <ClCompile Include="src\fractal\fractal.cpp">
      <Filter>fractal</Filter>
    </ClCompile>
    <ClCompile Include="src\fractal\mandelbrot.cpp">
      <Filter>fractal</Filter>
    </ClCompile>
    <ClCompile Include="src\render\fractalRenderer.cpp">
      <Filter>render</Filter>
    </ClCompile>
    <ClCompile Include="src\render\renderedText.cpp">
      <Filter>render</Filter>
    </ClCompile>
    <ClCompile Include="src\colors.cpp" />
    <ClCompile Include="src\main.cpp" />
  </ItemGroup>
  <ItemGroup>
    <ClInclude Include="src\controller\automaticController.h">
      <Filter>controller</Filter>
    </ClInclude>
    <ClInclude Include="src\controller\controller.h">
      <Filter>controller</Filter>
    </ClInclude>
    <ClInclude Include="src\controller\keyboardController.h">
      <Filter>controller</Filter>
    </ClInclude>
    <ClInclude Include="src\command\command.h">
      <Filter>command</Filter>
    </ClInclude>
    <ClInclude Include="src\command\logCommand.h">
      <Filter>command</Filter>
    </ClInclude>
    <ClInclude Include="src\command\stop\stopProgramCommand.h">
      <Filter>command\stop</Filter>
    </ClInclude>
    <ClInclude Include="src\command\change\changeColorsCommand.h">
      <Filter>command\change</Filter>
    </ClInclude>
    <ClInclude Include="src\command\change\changePositionCommand.h">
      <Filter>command\change</Filter>
    </ClInclude>
    <ClInclude Include="src\command\change\changeResolutionCommand.h">
      <Filter>command\change</Filter>
    </ClInclude>
    <ClInclude Include="src\command\change\changeRotationCommand.h">
      <Filter>command\change</Filter>
    </ClInclude>
    <ClInclude Include="src\command\change\changeZoomCommand.h">
      <Filter>command\change</Filter>
    </ClInclude>
    <ClInclude Include="src\command\change\directionMoveCommand.h">
      <Filter>command\change</Filter>
    </ClInclude>
    <ClInclude Include="src\command\set\setBlendModeCommand.h">
      <Filter>command\set</Filter>
    </ClInclude>
    <ClInclude Include="src\command\set\setEnableRenderCommand.h">
      <Filter>command\set</Filter>
    </ClInclude>
    <ClInclude Include="src\command\set\setFadeFactorCommand.h">
      <Filter>command\set</Filter>
    </ClInclude>
    <ClInclude Include="src\command\set\setPositionCommand.h">
      <Filter>command\set</Filter>
    </ClInclude>
    <ClInclude Include="src\command\set\setResolutionCommand.h">
      <Filter>command\set</Filter>
    </ClInclude>
    <ClInclude Include="src\command\set\setRotationCommand.h">
      <Filter>command\set</Filter>
    </ClInclude>
    <ClInclude Include="src\command\set\setSaveImageCommand.h">
      <Filter>command\set</Filter>
    </ClInclude>
    <ClInclude Include="src\command\set\setTraceModeCommand.h">
      <Filter>command\set</Filter>
    </ClInclude>
    <ClInclude Include="src\command\set\setZoomCommand.h">
      <Filter>command\set</Filter>
    </ClInclude>
    <ClInclude Include="src\command\stop\stopChangeColorsCommand.h">
      <Filter>command\stop</Filter>
    </ClInclude>
    <ClInclude Include="src\command\stop\stopChangeResolutionCommand.h">
      <Filter>command\stop</Filter>
    </ClInclude>
    <ClInclude Include="src\command\stop\stopRotateCommand.h">
      <Filter>command\stop</Filter>
    </ClInclude>
    <ClInclude Include="src\command\stop\stopZoomCommand.h">
      <Filter>command\stop</Filter>
    </ClInclude>
    <ClInclude Include="src\command\start\startChangeColorsCommand.h">
      <Filter>command\start</Filter>
    </ClInclude>
    <ClInclude Include="src\command\start\startChangeResolutionCommand.h">
      <Filter>command\start</Filter>
    </ClInclude>
    <ClInclude Include="src\command\start\startRotateCommand.h">
      <Filter>command\start</Filter>
    </ClInclude>
    <ClInclude Include="src\command\start\startZoomCommand.h">
      <Filter>command\start</Filter>
    </ClInclude>
    <ClInclude Include="src\fractal\externalImage.h">
      <Filter>fractal</Filter>
    </ClInclude>
    <ClInclude Include="src\fractal\fractal.h">
      <Filter>fractal</Filter>
    </ClInclude>
    <ClInclude Include="src\fractal\mandelbrot.h">
      <Filter>fractal</Filter>
    </ClInclude>
    <ClInclude Include="src\render\fractalRenderer.h">
      <Filter>render</Filter>
    </ClInclude>
    <ClInclude Include="src\render\renderedText.h">
      <Filter>render</Filter>
    </ClInclude>
    <ClInclude Include="src\render\renderParams.h">
      <Filter>render</Filter>
    </ClInclude>
    <ClInclude Include="src\colors.h" />
  </ItemGroup>
</Project>